
Microsoft Visual Studio Solution File, Format Version 12.00
# Visual Studio Version 17
VisualStudioVersion = 17.2.32630.192
MinimumVisualStudioVersion = 10.0.40219.1
Project("{9A19103F-16F7-4668-BE54-9A1E7A4F7556}") = "Al_MudarrisBot.cs", "ILM_Bot.cs\Al_MudarrisBot.cs.csproj", "{F00F2233-305C-4EED-9E66-F865BAC54BB2}"
EndProject
Global
	GlobalSection(SolutionConfigurationPlatforms) = preSolution
		Debug|Any CPU = Debug|Any CPU
		Release|Any CPU = Release|Any CPU
	EndGlobalSection
	GlobalSection(ProjectConfigurationPlatforms) = postSolution
		{F00F2233-305C-4EED-9E66-F865BAC54BB2}.Debug|Any CPU.ActiveCfg = Debug|Any CPU
		{F00F2233-305C-4EED-9E66-F865BAC54BB2}.Debug|Any CPU.Build.0 = Debug|Any CPU
		{F00F2233-305C-4EED-9E66-F865BAC54BB2}.Release|Any CPU.ActiveCfg = Release|Any CPU
		{F00F2233-305C-4EED-9E66-F865BAC54BB2}.Release|Any CPU.Build.0 = Release|Any CPU
	EndGlobalSection
	GlobalSection(SolutionProperties) = preSolution
		HideSolutionNode = FALSE
	EndGlobalSection
	GlobalSection(ExtensibilityGlobals) = postSolution
		SolutionGuid = {3ED76169-0C58-40DA-8DB8-1D287691C06E}
	EndGlobalSection
EndGlobal
